// !$*UTF8*$!
{
	archiveVersion = 1;
	classes = {
	};
	objectVersion = 56;
	objects = {

/* Begin PBXBuildFile section */
		0C16EBEF2928E2A800A216F3 /* Game.swift in Sources */ = {isa = PBXBuildFile; fileRef = 0C16EBEE2928E2A800A216F3 /* Game.swift */; };
		0C965C8C2932391200B5CBF5 /* SelectTimeViewController.swift in Sources */ = {isa = PBXBuildFile; fileRef = 0C965C8B2932391200B5CBF5 /* SelectTimeViewController.swift */; };
		0C965C8E2932396300B5CBF5 /* SettingsTableViewController.swift in Sources */ = {isa = PBXBuildFile; fileRef = 0C965C8D2932396300B5CBF5 /* SettingsTableViewController.swift */; };
		0C965C9029324FF100B5CBF5 /* Settings.swift in Sources */ = {isa = PBXBuildFile; fileRef = 0C965C8F29324FF100B5CBF5 /* Settings.swift */; };
		0CB5B5A3293CB86000414298 /* RecordViewController.swift in Sources */ = {isa = PBXBuildFile; fileRef = 0CB5B5A2293CB86000414298 /* RecordViewController.swift */; };
		0CD087912928D7E700FA6EFB /* AppDelegate.swift in Sources */ = {isa = PBXBuildFile; fileRef = 0CD087902928D7E700FA6EFB /* AppDelegate.swift */; };
		0CD087932928D7E700FA6EFB /* SceneDelegate.swift in Sources */ = {isa = PBXBuildFile; fileRef = 0CD087922928D7E700FA6EFB /* SceneDelegate.swift */; };
		0CD087982928D7E700FA6EFB /* Main.storyboard in Resources */ = {isa = PBXBuildFile; fileRef = 0CD087962928D7E700FA6EFB /* Main.storyboard */; };
		0CD0879A2928D7E800FA6EFB /* Assets.xcassets in Resources */ = {isa = PBXBuildFile; fileRef = 0CD087992928D7E800FA6EFB /* Assets.xcassets */; };
		0CD0879D2928D7E800FA6EFB /* LaunchScreen.storyboard in Resources */ = {isa = PBXBuildFile; fileRef = 0CD0879B2928D7E800FA6EFB /* LaunchScreen.storyboard */; };
		0CD087A52928DAC000FA6EFB /* GameViewController.swift in Sources */ = {isa = PBXBuildFile; fileRef = 0CD087A42928DAC000FA6EFB /* GameViewController.swift */; };
/* End PBXBuildFile section */

/* Begin PBXFileReference section */
		0C16EBEE2928E2A800A216F3 /* Game.swift */ = {isa = PBXFileReference; lastKnownFileType = sourcecode.swift; path = Game.swift; sourceTree = "<group>"; };
		0C965C8B2932391200B5CBF5 /* SelectTimeViewController.swift */ = {isa = PBXFileReference; lastKnownFileType = sourcecode.swift; path = SelectTimeViewController.swift; sourceTree = "<group>"; };
		0C965C8D2932396300B5CBF5 /* SettingsTableViewController.swift */ = {isa = PBXFileReference; lastKnownFileType = sourcecode.swift; path = SettingsTableViewController.swift; sourceTree = "<group>"; };
		0C965C8F29324FF100B5CBF5 /* Settings.swift */ = {isa = PBXFileReference; lastKnownFileType = sourcecode.swift; path = Settings.swift; sourceTree = "<group>"; };
		0CB5B5A2293CB86000414298 /* RecordViewController.swift */ = {isa = PBXFileReference; lastKnownFileType = sourcecode.swift; path = RecordViewController.swift; sourceTree = "<group>"; };
		0CD0878D2928D7E700FA6EFB /* GameAlphabet.app */ = {isa = PBXFileReference; explicitFileType = wrapper.application; includeInIndex = 0; path = GameAlphabet.app; sourceTree = BUILT_PRODUCTS_DIR; };
		0CD087902928D7E700FA6EFB /* AppDelegate.swift */ = {isa = PBXFileReference; lastKnownFileType = sourcecode.swift; path = AppDelegate.swift; sourceTree = "<group>"; };
		0CD087922928D7E700FA6EFB /* SceneDelegate.swift */ = {isa = PBXFileReference; lastKnownFileType = sourcecode.swift; path = SceneDelegate.swift; sourceTree = "<group>"; };
		0CD087972928D7E700FA6EFB /* Base */ = {isa = PBXFileReference; lastKnownFileType = file.storyboard; name = Base; path = Base.lproj/Main.storyboard; sourceTree = "<group>"; };
		0CD087992928D7E800FA6EFB /* Assets.xcassets */ = {isa = PBXFileReference; lastKnownFileType = folder.assetcatalog; path = Assets.xcassets; sourceTree = "<group>"; };
		0CD0879C2928D7E800FA6EFB /* Base */ = {isa = PBXFileReference; lastKnownFileType = file.storyboard; name = Base; path = Base.lproj/LaunchScreen.storyboard; sourceTree = "<group>"; };
		0CD0879E2928D7E800FA6EFB /* Info.plist */ = {isa = PBXFileReference; lastKnownFileType = text.plist.xml; path = Info.plist; sourceTree = "<group>"; };
		0CD087A42928DAC000FA6EFB /* GameViewController.swift */ = {isa = PBXFileReference; lastKnownFileType = sourcecode.swift; path = GameViewController.swift; sourceTree = "<group>"; };
/* End PBXFileReference section */

/* Begin PBXFrameworksBuildPhase section */
		0CD0878A2928D7E700FA6EFB /* Frameworks */ = {
			isa = PBXFrameworksBuildPhase;
			buildActionMask = 2147483647;
			files = (
			);
			runOnlyForDeploymentPostprocessing = 0;
		};
/* End PBXFrameworksBuildPhase section */

/* Begin PBXGroup section */
		0CD087842928D7E700FA6EFB = {
			isa = PBXGroup;
			children = (
				0CD0878F2928D7E700FA6EFB /* GameAlphabet */,
				0CD0878E2928D7E700FA6EFB /* Products */,
			);
			sourceTree = "<group>";
		};
		0CD0878E2928D7E700FA6EFB /* Products */ = {
			isa = PBXGroup;
			children = (
				0CD0878D2928D7E700FA6EFB /* GameAlphabet.app */,
			);
			name = Products;
			sourceTree = "<group>";
		};
		0CD0878F2928D7E700FA6EFB /* GameAlphabet */ = {
			isa = PBXGroup;
			children = (
				0CD087902928D7E700FA6EFB /* AppDelegate.swift */,
				0CD087922928D7E700FA6EFB /* SceneDelegate.swift */,
				0C16EBEE2928E2A800A216F3 /* Game.swift */,
				0CD087A42928DAC000FA6EFB /* GameViewController.swift */,
				0C965C8B2932391200B5CBF5 /* SelectTimeViewController.swift */,
				0C965C8F29324FF100B5CBF5 /* Settings.swift */,
				0C965C8D2932396300B5CBF5 /* SettingsTableViewController.swift */,
				0CB5B5A2293CB86000414298 /* RecordViewController.swift */,
				0CD087962928D7E700FA6EFB /* Main.storyboard */,
				0CD087992928D7E800FA6EFB /* Assets.xcassets */,
				0CD0879B2928D7E800FA6EFB /* LaunchScreen.storyboard */,
				0CD0879E2928D7E800FA6EFB /* Info.plist */,
			);
			path = GameAlphabet;
			sourceTree = "<group>";
		};
/* End PBXGroup section */

/* Begin PBXNativeTarget section */
		0CD0878C2928D7E700FA6EFB /* GameAlphabet */ = {
			isa = PBXNativeTarget;
			buildConfigurationList = 0CD087A12928D7E800FA6EFB /* Build configuration list for PBXNativeTarget "GameAlphabet" */;
			buildPhases = (
				0CD087892928D7E700FA6EFB /* Sources */,
				0CD0878A2928D7E700FA6EFB /* Frameworks */,
				0CD0878B2928D7E700FA6EFB /* Resources */,
			);
			buildRules = (
			);
			dependencies = (
			);
			name = GameAlphabet;
			productName = GameAlphabet;
			productReference = 0CD0878D2928D7E700FA6EFB /* GameAlphabet.app */;
			productType = "com.apple.product-type.application";
		};
/* End PBXNativeTarget section */

/* Begin PBXProject section */
		0CD087852928D7E700FA6EFB /* Project object */ = {
			isa = PBXProject;
			attributes = {
				BuildIndependentTargetsInParallel = 1;
				LastSwiftUpdateCheck = 1410;
				LastUpgradeCheck = 1410;
				TargetAttributes = {
					0CD0878C2928D7E700FA6EFB = {
						CreatedOnToolsVersion = 14.1;
					};
				};
			};
			buildConfigurationList = 0CD087882928D7E700FA6EFB /* Build configuration list for PBXProject "GameAlphabet" */;
			compatibilityVersion = "Xcode 14.0";
			developmentRegion = en;
			hasScannedForEncodings = 0;
			knownRegions = (
				en,
				Base,
			);
			mainGroup = 0CD087842928D7E700FA6EFB;
			productRefGroup = 0CD0878E2928D7E700FA6EFB /* Products */;
			projectDirPath = "";
			projectRoot = "";
			targets = (
				0CD0878C2928D7E700FA6EFB /* GameAlphabet */,
			);
		};
/* End PBXProject section */

/* Begin PBXResourcesBuildPhase section */
		0CD0878B2928D7E700FA6EFB /* Resources */ = {
			isa = PBXResourcesBuildPhase;
			buildActionMask = 2147483647;
			files = (
				0CD0879D2928D7E800FA6EFB /* LaunchScreen.storyboard in Resources */,
				0CD0879A2928D7E800FA6EFB /* Assets.xcassets in Resources */,
				0CD087982928D7E700FA6EFB /* Main.storyboard in Resources */,
			);
			runOnlyForDeploymentPostprocessing = 0;
		};
/* End PBXResourcesBuildPhase section */

/* Begin PBXSourcesBuildPhase section */
		0CD087892928D7E700FA6EFB /* Sources */ = {
			isa = PBXSourcesBuildPhase;
			buildActionMask = 2147483647;
			files = (
				0CD087912928D7E700FA6EFB /* AppDelegate.swift in Sources */,
				0C965C8C2932391200B5CBF5 /* SelectTimeViewController.swift in Sources */,
				0C965C8E2932396300B5CBF5 /* SettingsTableViewController.swift in Sources */,
				0CB5B5A3293CB86000414298 /* RecordViewController.swift in Sources */,
				0CD087A52928DAC000FA6EFB /* GameViewController.swift in Sources */,
				0C965C9029324FF100B5CBF5 /* Settings.swift in Sources */,
				0CD087932928D7E700FA6EFB /* SceneDelegate.swift in Sources */,
				0C16EBEF2928E2A800A216F3 /* Game.swift in Sources */,
			);
			runOnlyForDeploymentPostprocessing = 0;
		};
/* End PBXSourcesBuildPhase section */

/* Begin PBXVariantGroup section */
		0CD087962928D7E700FA6EFB /* Main.storyboard */ = {
			isa = PBXVariantGroup;
			children = (
				0CD087972928D7E700FA6EFB /* Base */,
			);
			name = Main.storyboard;
			sourceTree = "<group>";
		};
		0CD0879B2928D7E800FA6EFB /* LaunchScreen.storyboard */ = {
			isa = PBXVariantGroup;
			children = (
				0CD0879C2928D7E800FA6EFB /* Base */,
			);
			name = LaunchScreen.storyboard;
			sourceTree = "<group>";
		};
/* End PBXVariantGroup section */

/* Begin XCBuildConfiguration section */
		0CD0879F2928D7E800FA6EFB /* Debug */ = {
			isa = XCBuildConfiguration;
			buildSettings = {
				ALWAYS_SEARCH_USER_PATHS = NO;
				CLANG_ANALYZER_NONNULL = YES;
				CLANG_ANALYZER_NUMBER_OBJECT_CONVERSION = YES_AGGRESSIVE;
				CLANG_CXX_LANGUAGE_STANDARD = "gnu++20";
				CLANG_ENABLE_MODULES = YES;
				CLANG_ENABLE_OBJC_ARC = YES;
				CLANG_ENABLE_OBJC_WEAK = YES;
				CLANG_WARN_BLOCK_CAPTURE_AUTORELEASING = YES;
				CLANG_WARN_BOOL_CONVERSION = YES;
				CLANG_WARN_COMMA = YES;
				CLANG_WARN_CONSTANT_CONVERSION = YES;
				CLANG_WARN_DEPRECATED_OBJC_IMPLEMENTATIONS = YES;
				CLANG_WARN_DIRECT_OBJC_ISA_USAGE = YES_ERROR;
				CLANG_WARN_DOCUMENTATION_COMMENTS = YES;
				CLANG_WARN_EMPTY_BODY = YES;
				CLANG_WARN_ENUM_CONVERSION = YES;
				CLANG_WARN_INFINITE_RECURSION = YES;
				CLANG_WARN_INT_CONVERSION = YES;
				CLANG_WARN_NON_LITERAL_NULL_CONVERSION = YES;
				CLANG_WARN_OBJC_IMPLICIT_RETAIN_SELF = YES;
				CLANG_WARN_OBJC_LITERAL_CONVERSION = YES;
				CLANG_WARN_OBJC_ROOT_CLASS = YES_ERROR;
				CLANG_WARN_QUOTED_INCLUDE_IN_FRAMEWORK_HEADER = YES;
				CLANG_WARN_RANGE_LOOP_ANALYSIS = YES;
				CLANG_WARN_STRICT_PROTOTYPES = YES;
				CLANG_WARN_SUSPICIOUS_MOVE = YES;
				CLANG_WARN_UNGUARDED_AVAILABILITY = YES_AGGRESSIVE;
				CLANG_WARN_UNREACHABLE_CODE = YES;
				CLANG_WARN__DUPLICATE_METHOD_MATCH = YES;
				COPY_PHASE_STRIP = NO;
				DEBUG_INFORMATION_FORMAT = dwarf;
				ENABLE_STRICT_OBJC_MSGSEND = YES;
				ENABLE_TESTABILITY = YES;
				GCC_C_LANGUAGE_STANDARD = gnu11;
				GCC_DYNAMIC_NO_PIC = NO;
				GCC_NO_COMMON_BLOCKS = YES;
				GCC_OPTIMIZATION_LEVEL = 0;
				GCC_PREPROCESSOR_DEFINITIONS = (
					"DEBUG=1",
					"$(inherited)",
				);
				GCC_WARN_64_TO_32_BIT_CONVERSION = YES;
				GCC_WARN_ABOUT_RETURN_TYPE = YES_ERROR;
				GCC_WARN_UNDECLARED_SELECTOR = YES;
				GCC_WARN_UNINITIALIZED_AUTOS = YES_AGGRESSIVE;
				GCC_WARN_UNUSED_FUNCTION = YES;
				GCC_WARN_UNUSED_VARIABLE = YES;
				IPHONEOS_DEPLOYMENT_TARGET = 16.1;
				MTL_ENABLE_DEBUG_INFO = INCLUDE_SOURCE;
				MTL_FAST_MATH = YES;
				ONLY_ACTIVE_ARCH = YES;
				SDKROOT = iphoneos;
				SWIFT_ACTIVE_COMPILATION_CONDITIONS = DEBUG;
				SWIFT_OPTIMIZATION_LEVEL = "-Onone";
			};
			name = Debug;
		};
		0CD087A02928D7E800FA6EFB /* Release */ = {
			isa = XCBuildConfiguration;
			buildSettings = {
				ALWAYS_SEARCH_USER_PATHS = NO;
				CLANG_ANALYZER_NONNULL = YES;
				CLANG_ANALYZER_NUMBER_OBJECT_CONVERSION = YES_AGGRESSIVE;
				CLANG_CXX_LANGUAGE_STANDARD = "gnu++20";
				CLANG_ENABLE_MODULES = YES;
				CLANG_ENABLE_OBJC_ARC = YES;
				CLANG_ENABLE_OBJC_WEAK = YES;
				CLANG_WARN_BLOCK_CAPTURE_AUTORELEASING = YES;
				CLANG_WARN_BOOL_CONVERSION = YES;
				CLANG_WARN_COMMA = YES;
				CLANG_WARN_CONSTANT_CONVERSION = YES;
				CLANG_WARN_DEPRECATED_OBJC_IMPLEMENTATIONS = YES;
				CLANG_WARN_DIRECT_OBJC_ISA_USAGE = YES_ERROR;
				CLANG_WARN_DOCUMENTATION_COMMENTS = YES;
				CLANG_WARN_EMPTY_BODY = YES;
				CLANG_WARN_ENUM_CONVERSION = YES;
				CLANG_WARN_INFINITE_RECURSION = YES;
				CLANG_WARN_INT_CONVERSION = YES;
				CLANG_WARN_NON_LITERAL_NULL_CONVERSION = YES;
				CLANG_WARN_OBJC_IMPLICIT_RETAIN_SELF = YES;
				CLANG_WARN_OBJC_LITERAL_CONVERSION = YES;
				CLANG_WARN_OBJC_ROOT_CLASS = YES_ERROR;
				CLANG_WARN_QUOTED_INCLUDE_IN_FRAMEWORK_HEADER = YES;
				CLANG_WARN_RANGE_LOOP_ANALYSIS = YES;
				CLANG_WARN_STRICT_PROTOTYPES = YES;
				CLANG_WARN_SUSPICIOUS_MOVE = YES;
				CLANG_WARN_UNGUARDED_AVAILABILITY = YES_AGGRESSIVE;
				CLANG_WARN_UNREACHABLE_CODE = YES;
				CLANG_WARN__DUPLICATE_METHOD_MATCH = YES;
				COPY_PHASE_STRIP = NO;
				DEBUG_INFORMATION_FORMAT = "dwarf-with-dsym";
				ENABLE_NS_ASSERTIONS = NO;
				ENABLE_STRICT_OBJC_MSGSEND = YES;
				GCC_C_LANGUAGE_STANDARD = gnu11;
				GCC_NO_COMMON_BLOCKS = YES;
				GCC_WARN_64_TO_32_BIT_CONVERSION = YES;
				GCC_WARN_ABOUT_RETURN_TYPE = YES_ERROR;
				GCC_WARN_UNDECLARED_SELECTOR = YES;
				GCC_WARN_UNINITIALIZED_AUTOS = YES_AGGRESSIVE;
				GCC_WARN_UNUSED_FUNCTION = YES;
				GCC_WARN_UNUSED_VARIABLE = YES;
				IPHONEOS_DEPLOYMENT_TARGET = 16.1;
				MTL_ENABLE_DEBUG_INFO = NO;
				MTL_FAST_MATH = YES;
				SDKROOT = iphoneos;
				SWIFT_COMPILATION_MODE = wholemodule;
				SWIFT_OPTIMIZATION_LEVEL = "-O";
				VALIDATE_PRODUCT = YES;
			};
			name = Release;
		};
		0CD087A22928D7E800FA6EFB /* Debug */ = {
			isa = XCBuildConfiguration;
			buildSettings = {
				ASSETCATALOG_COMPILER_APPICON_NAME = AppIcon;
				ASSETCATALOG_COMPILER_GLOBAL_ACCENT_COLOR_NAME = AccentColor;
				CODE_SIGN_STYLE = Automatic;
				CURRENT_PROJECT_VERSION = 1;
				DEVELOPMENT_TEAM = 8YUV48A6RV;
				GENERATE_INFOPLIST_FILE = YES;
				INFOPLIST_FILE = GameAlphabet/Info.plist;
				INFOPLIST_KEY_UIApplicationSupportsIndirectInputEvents = YES;
				INFOPLIST_KEY_UILaunchStoryboardName = LaunchScreen;
				INFOPLIST_KEY_UIMainStoryboardFile = Main;
				INFOPLIST_KEY_UISupportedInterfaceOrientations = UIInterfaceOrientationPortrait;
				INFOPLIST_KEY_UISupportedInterfaceOrientations_iPad = "UIInterfaceOrientationLandscapeLeft UIInterfaceOrientationLandscapeRight UIInterfaceOrientationPortrait UIInterfaceOrientationPortraitUpsideDown";
				IPHONEOS_DEPLOYMENT_TARGET = 15.0;
				LD_RUNPATH_SEARCH_PATHS = (
					"$(inherited)",
					"@executable_path/Frameworks",
				);
				MARKETING_VERSION = 1.0;
				PRODUCT_BUNDLE_IDENTIFIER = "-21.GameAlphabet";
				PRODUCT_NAME = "$(TARGET_NAME)";
				SWIFT_EMIT_LOC_STRINGS = YES;
				SWIFT_VERSION = 5.0;
				TARGETED_DEVICE_FAMILY = "1,2";
			};
			name = Debug;
		};
		0CD087A32928D7E800FA6EFB /* Release */ = {
			isa = XCBuildConfiguration;
			buildSettings = {
				ASSETCATALOG_COMPILER_APPICON_NAME = AppIcon;
				ASSETCATALOG_COMPILER_GLOBAL_ACCENT_COLOR_NAME = AccentColor;
				CODE_SIGN_STYLE = Automatic;
				CURRENT_PROJECT_VERSION = 1;
				DEVELOPMENT_TEAM = 8YUV48A6RV;
				GENERATE_INFOPLIST_FILE = YES;
				INFOPLIST_FILE = GameAlphabet/Info.plist;
				INFOPLIST_KEY_UIApplicationSupportsIndirectInputEvents = YES;
				INFOPLIST_KEY_UILaunchStoryboardName = LaunchScreen;
				INFOPLIST_KEY_UIMainStoryboardFile = Main;
				INFOPLIST_KEY_UISupportedInterfaceOrientations = UIInterfaceOrientationPortrait;
				INFOPLIST_KEY_UISupportedInterfaceOrientations_iPad = "UIInterfaceOrientationLandscapeLeft UIInterfaceOrientationLandscapeRight UIInterfaceOrientationPortrait UIInterfaceOrientationPortraitUpsideDown";
				IPHONEOS_DEPLOYMENT_TARGET = 15.0;
				LD_RUNPATH_SEARCH_PATHS = (
					"$(inherited)",
					"@executable_path/Frameworks",
				);
				MARKETING_VERSION = 1.0;
				PRODUCT_BUNDLE_IDENTIFIER = "-21.GameAlphabet";
				PRODUCT_NAME = "$(TARGET_NAME)";
				SWIFT_EMIT_LOC_STRINGS = YES;
				SWIFT_VERSION = 5.0;
				TARGETED_DEVICE_FAMILY = "1,2";
			};
			name = Release;
		};
/* End XCBuildConfiguration section */

/* Begin XCConfigurationList section */
		0CD087882928D7E700FA6EFB /* Build configuration list for PBXProject "GameAlphabet" */ = {
			isa = XCConfigurationList;
			buildConfigurations = (
				0CD0879F2928D7E800FA6EFB /* Debug */,
				0CD087A02928D7E800FA6EFB /* Release */,
			);
			defaultConfigurationIsVisible = 0;
			defaultConfigurationName = Release;
		};
		0CD087A12928D7E800FA6EFB /* Build configuration list for PBXNativeTarget "GameAlphabet" */ = {
			isa = XCConfigurationList;
			buildConfigurations = (
				0CD087A22928D7E800FA6EFB /* Debug */,
				0CD087A32928D7E800FA6EFB /* Release */,
			);
			defaultConfigurationIsVisible = 0;
			defaultConfigurationName = Release;
		};
/* End XCConfigurationList section */
	};
	rootObject = 0CD087852928D7E700FA6EFB /* Project object */;
}
